
Microsoft Visual Studio Solution File, Format Version 12.00
# Visual Studio Version 17
VisualStudioVersion = 17.11.35222.181
MinimumVisualStudioVersion = 10.0.40219.1
Project("{FAE04EC0-301F-11D3-BF4B-00C04F79EFBC}") = "fotzbeckhighscore", "fotzbeckhighscore\fotzbeckhighscore.csproj", "{99B752E3-BC97-47FE-9A5B-E6E1F3B4E38F}"
EndProject
Global
	GlobalSection(SolutionConfigurationPlatforms) = preSolution
		Debug|Any CPU = Debug|Any CPU
		Release|Any CPU = Release|Any CPU
	EndGlobalSection
	GlobalSection(ProjectConfigurationPlatforms) = postSolution
		{99B752E3-BC97-47FE-9A5B-E6E1F3B4E38F}.Debug|Any CPU.ActiveCfg = Debug|Any CPU
		{99B752E3-BC97-47FE-9A5B-E6E1F3B4E38F}.Debug|Any CPU.Build.0 = Debug|Any CPU
		{99B752E3-BC97-47FE-9A5B-E6E1F3B4E38F}.Release|Any CPU.ActiveCfg = Release|Any CPU
		{99B752E3-BC97-47FE-9A5B-E6E1F3B4E38F}.Release|Any CPU.Build.0 = Release|Any CPU
	EndGlobalSection
	GlobalSection(SolutionProperties) = preSolution
		HideSolutionNode = FALSE
	EndGlobalSection
	GlobalSection(ExtensibilityGlobals) = postSolution
		SolutionGuid = {9CE48273-5EB5-48DC-86B5-D3C131C5FFA3}
	EndGlobalSection
EndGlobal
